
Microsoft Visual Studio Solution File, Format Version 12.00
# Visual Studio Version 17
VisualStudioVersion = 17.5.33530.505
MinimumVisualStudioVersion = 10.0.40219.1
Project("{FAE04EC0-301F-11D3-BF4B-00C04F79EFBC}") = "FurnaceGoBrrr", "FurnaceGoBrrr.csproj", "{11ADC78F-75DA-4929-8D7D-89DA472D5EEB}"
EndProject
Global
	GlobalSection(SolutionConfigurationPlatforms) = preSolution
		Debug|Any CPU = Debug|Any CPU
		Release|Any CPU = Release|Any CPU
	EndGlobalSection
	GlobalSection(ProjectConfigurationPlatforms) = postSolution
		{11ADC78F-75DA-4929-8D7D-89DA472D5EEB}.Debug|Any CPU.ActiveCfg = Debug|Any CPU
		{11ADC78F-75DA-4929-8D7D-89DA472D5EEB}.Debug|Any CPU.Build.0 = Debug|Any CPU
		{11ADC78F-75DA-4929-8D7D-89DA472D5EEB}.Release|Any CPU.ActiveCfg = Release|Any CPU
		{11ADC78F-75DA-4929-8D7D-89DA472D5EEB}.Release|Any CPU.Build.0 = Release|Any CPU
	EndGlobalSection
	GlobalSection(SolutionProperties) = preSolution
		HideSolutionNode = FALSE
	EndGlobalSection
	GlobalSection(ExtensibilityGlobals) = postSolution
		SolutionGuid = {C5247C8D-0300-423F-9F54-EFF3CC5A9817}
	EndGlobalSection
EndGlobal
